
Microsoft Visual Studio Solution File, Format Version 12.00
# Visual Studio 15
Project("{FAE04EC0-301F-11D3-BF4B-00C04F79EFBC}") = "ahhhhhhhhhhhhhh", "Assembly-CSharp.csproj", "{104F745E-64CF-5BB4-1B81-3AF89B87D69E}"
EndProject
Project("{FAE04EC0-301F-11D3-BF4B-00C04F79EFBC}") = "ahhhhhhhhhhhhhh", "Assembly-CSharp-Editor.csproj", "{4F7D0EBA-AE8D-DD95-929F-26062A27CBB6}"
EndProject
Global
	GlobalSection(SolutionConfigurationPlatforms) = preSolution
		Debug|Any CPU = Debug|Any CPU
		Release|Any CPU = Release|Any CPU
	EndGlobalSection
	GlobalSection(ProjectConfigurationPlatforms) = postSolution
		{104F745E-64CF-5BB4-1B81-3AF89B87D69E}.Debug|Any CPU.ActiveCfg = Debug|Any CPU
		{104F745E-64CF-5BB4-1B81-3AF89B87D69E}.Debug|Any CPU.Build.0 = Debug|Any CPU
		{104F745E-64CF-5BB4-1B81-3AF89B87D69E}.Release|Any CPU.ActiveCfg = Release|Any CPU
		{104F745E-64CF-5BB4-1B81-3AF89B87D69E}.Release|Any CPU.Build.0 = Release|Any CPU
		{4F7D0EBA-AE8D-DD95-929F-26062A27CBB6}.Debug|Any CPU.ActiveCfg = Debug|Any CPU
		{4F7D0EBA-AE8D-DD95-929F-26062A27CBB6}.Debug|Any CPU.Build.0 = Debug|Any CPU
		{4F7D0EBA-AE8D-DD95-929F-26062A27CBB6}.Release|Any CPU.ActiveCfg = Release|Any CPU
		{4F7D0EBA-AE8D-DD95-929F-26062A27CBB6}.Release|Any CPU.Build.0 = Release|Any CPU
	EndGlobalSection
	GlobalSection(SolutionProperties) = preSolution
		HideSolutionNode = FALSE
	EndGlobalSection
EndGlobal
